<?xml version="1.0" encoding="utf-8"?>
<Project ToolsVersion="4.0" xmlns="http://schemas.microsoft.com/developer/msbuild/2003">
  <ItemGroup>
    <ClCompile Include="Dome.cpp" />
    <ClCompile Include="LSystem.cpp" />
    <ClCompile Include="main.cpp" />
    <ClCompile Include="MyWindow.cpp" />
    <ClCompile Include="ObjFile.cpp" />
    <ClCompile Include="Renderer.cpp" />
    <ClCompile Include="Shader.cpp" />
    <ClCompile Include="ShaderProgram.cpp" />
    <ClCompile Include="Uncopyable.cpp" />
    <ClCompile Include="Util.cpp" />
    <ClCompile Include="VertexBinding.cpp" />
    <ClCompile Include="VertexBuffer.cpp" />
    <ClCompile Include="Vector3.cpp">
      <Filter>Maths</Filter>
    </ClCompile>
    <ClCompile Include="Vector4.cpp">
      <Filter>Maths</Filter>
    </ClCompile>
  </ItemGroup>
  <ItemGroup>
    <ClInclude Include="VertexBuffer.h" />
    <ClInclude Include="Dome.h" />
    <ClInclude Include="LSystem.h" />
    <ClInclude Include="MyWindow.h" />
    <ClInclude Include="ObjFile.h" />
    <ClInclude Include="Renderer.h" />
    <ClInclude Include="Shader.h" />
    <ClInclude Include="ShaderProgram.h" />
    <ClInclude Include="Uncopyable.h" />
    <ClInclude Include="Util.h" />
    <ClInclude Include="VertexBinding.h" />
    <ClInclude Include="Vector3.h">
      <Filter>Maths</Filter>
    </ClInclude>
    <ClInclude Include="Matrix4.h">
      <Filter>Maths</Filter>
    </ClInclude>
    <ClInclude Include="Vector4.h">
      <Filter>Maths</Filter>
    </ClInclude>
  </ItemGroup>
  <ItemGroup>
    <Filter Include="Shaders">
      <UniqueIdentifier>{e2a34f37-dd17-4566-ae45-59266cf3d51c}</UniqueIdentifier>
    </Filter>
    <Filter Include="Maths">
      <UniqueIdentifier>{30af7ce9-4ea4-4201-bcc2-a70f6bbda67c}</UniqueIdentifier>
    </Filter>
  </ItemGroup>
  <ItemGroup>
    <None Include="basic.vsh">
      <Filter>Shaders</Filter>
    </None>
    <None Include="basic.fsh">
      <Filter>Shaders</Filter>
    </None>
    <None Include="domeFront.fsh">
      <Filter>Shaders</Filter>
    </None>
    <None Include="dome.vsh">
      <Filter>Shaders</Filter>
    </None>
    <None Include="domeBack.fsh">
      <Filter>Shaders</Filter>
    </None>
  </ItemGroup>
</Project>