<?xml version="1.0" encoding="utf-8"?>
<Project ToolsVersion="4.0" xmlns="http://schemas.microsoft.com/developer/msbuild/2003">
  <ItemGroup>
    <ClCompile Include="Uncopyable.cpp" />
    <ClCompile Include="Util.cpp" />
    <ClCompile Include="Vector3.cpp">
      <Filter>Maths</Filter>
    </ClCompile>
    <ClCompile Include="Vector4.cpp">
      <Filter>Maths</Filter>
    </ClCompile>
    <ClCompile Include="Matrix4.cpp">
      <Filter>Maths</Filter>
    </ClCompile>
    <ClCompile Include="ObjFile.cpp">
      <Filter>Graphics</Filter>
    </ClCompile>
    <ClCompile Include="Renderer.cpp">
      <Filter>Graphics</Filter>
    </ClCompile>
    <ClCompile Include="Shader.cpp">
      <Filter>Graphics</Filter>
    </ClCompile>
    <ClCompile Include="ShaderProgram.cpp">
      <Filter>Graphics</Filter>
    </ClCompile>
    <ClCompile Include="VertexBinding.cpp">
      <Filter>Graphics</Filter>
    </ClCompile>
    <ClCompile Include="VertexBuffer.cpp">
      <Filter>Graphics</Filter>
    </ClCompile>
    <ClCompile Include="Texture.cpp">
      <Filter>Graphics</Filter>
    </ClCompile>
    <ClCompile Include="Light.cpp">
      <Filter>Graphics</Filter>
    </ClCompile>
    <ClCompile Include="Base.cpp">
      <Filter>GameObjects</Filter>
    </ClCompile>
    <ClCompile Include="Dome.cpp">
      <Filter>GameObjects</Filter>
    </ClCompile>
    <ClCompile Include="House.cpp">
      <Filter>GameObjects</Filter>
    </ClCompile>
    <ClCompile Include="Lightning.cpp">
      <Filter>GameObjects</Filter>
    </ClCompile>
    <ClCompile Include="ParticleSystem.cpp">
      <Filter>GameObjects</Filter>
    </ClCompile>
    <ClCompile Include="Pond.cpp">
      <Filter>GameObjects</Filter>
    </ClCompile>
    <ClCompile Include="SnowDrift.cpp">
      <Filter>GameObjects</Filter>
    </ClCompile>
    <ClCompile Include="SnowParticles.cpp">
      <Filter>GameObjects</Filter>
    </ClCompile>
    <ClCompile Include="Terrain.cpp">
      <Filter>GameObjects</Filter>
    </ClCompile>
    <ClCompile Include="Tree.cpp">
      <Filter>GameObjects</Filter>
    </ClCompile>
    <ClCompile Include="main.cpp" />
    <ClCompile Include="MyWindow.cpp" />
    <ClCompile Include="LSystem.cpp" />
    <ClCompile Include="Config.cpp" />
    <ClCompile Include="Application.cpp" />
    <ClCompile Include="Threading.cpp" />
    <ClCompile Include="WorkerThread.cpp" />
    <ClCompile Include="TreeBuilder.cpp" />
  </ItemGroup>
  <ItemGroup>
    <ClInclude Include="Uncopyable.h" />
    <ClInclude Include="Util.h" />
    <ClInclude Include="Vector3.h">
      <Filter>Maths</Filter>
    </ClInclude>
    <ClInclude Include="Matrix4.h">
      <Filter>Maths</Filter>
    </ClInclude>
    <ClInclude Include="Vector4.h">
      <Filter>Maths</Filter>
    </ClInclude>
    <ClInclude Include="Maths.h">
      <Filter>Maths</Filter>
    </ClInclude>
    <ClInclude Include="ObjFile.h">
      <Filter>Graphics</Filter>
    </ClInclude>
    <ClInclude Include="Renderer.h">
      <Filter>Graphics</Filter>
    </ClInclude>
    <ClInclude Include="ShaderProgram.h">
      <Filter>Graphics</Filter>
    </ClInclude>
    <ClInclude Include="Shader.h">
      <Filter>Graphics</Filter>
    </ClInclude>
    <ClInclude Include="VertexBuffer.h">
      <Filter>Graphics</Filter>
    </ClInclude>
    <ClInclude Include="VertexBinding.h">
      <Filter>Graphics</Filter>
    </ClInclude>
    <ClInclude Include="Texture.h">
      <Filter>Graphics</Filter>
    </ClInclude>
    <ClInclude Include="Light.h">
      <Filter>Graphics</Filter>
    </ClInclude>
    <ClInclude Include="Tree.h">
      <Filter>GameObjects</Filter>
    </ClInclude>
    <ClInclude Include="Base.h">
      <Filter>GameObjects</Filter>
    </ClInclude>
    <ClInclude Include="Dome.h">
      <Filter>GameObjects</Filter>
    </ClInclude>
    <ClInclude Include="House.h">
      <Filter>GameObjects</Filter>
    </ClInclude>
    <ClInclude Include="Lightning.h">
      <Filter>GameObjects</Filter>
    </ClInclude>
    <ClInclude Include="ParticleSystem.h">
      <Filter>GameObjects</Filter>
    </ClInclude>
    <ClInclude Include="Pond.h">
      <Filter>GameObjects</Filter>
    </ClInclude>
    <ClInclude Include="SnowDrift.h">
      <Filter>GameObjects</Filter>
    </ClInclude>
    <ClInclude Include="SnowParticles.h">
      <Filter>GameObjects</Filter>
    </ClInclude>
    <ClInclude Include="Terrain.h">
      <Filter>GameObjects</Filter>
    </ClInclude>
    <ClInclude Include="MyWindow.h" />
    <ClInclude Include="LSystem.h" />
    <ClInclude Include="Application.h" />
    <ClInclude Include="Config.h" />
    <ClInclude Include="Threading.h" />
    <ClInclude Include="WorkerThread.h" />
    <ClInclude Include="TreeBuilder.h" />
  </ItemGroup>
  <ItemGroup>
    <Filter Include="Shaders">
      <UniqueIdentifier>{e2a34f37-dd17-4566-ae45-59266cf3d51c}</UniqueIdentifier>
    </Filter>
    <Filter Include="Maths">
      <UniqueIdentifier>{30af7ce9-4ea4-4201-bcc2-a70f6bbda67c}</UniqueIdentifier>
    </Filter>
    <Filter Include="Graphics">
      <UniqueIdentifier>{18453566-f652-4913-a9fa-099063a74994}</UniqueIdentifier>
    </Filter>
    <Filter Include="GameObjects">
      <UniqueIdentifier>{139c1954-8fe4-486d-9cf2-0745317b2f3c}</UniqueIdentifier>
    </Filter>
    <Filter Include="config">
      <UniqueIdentifier>{2bf7d0ec-790d-4885-bd86-b6e56fe1cd26}</UniqueIdentifier>
    </Filter>
  </ItemGroup>
  <ItemGroup>
    <None Include="..\build\christmas.cfg">
      <Filter>config</Filter>
    </None>
    <None Include="..\build\default.cfg">
      <Filter>config</Filter>
    </None>
    <None Include="..\build\singleRule.cfg">
      <Filter>config</Filter>
    </None>
    <None Include="..\build\assets\particle_emitter.vsh">
      <Filter>Shaders</Filter>
    </None>
    <None Include="..\build\assets\leaf.vsh">
      <Filter>Shaders</Filter>
    </None>
    <None Include="..\build\assets\basic.vsh">
      <Filter>Shaders</Filter>
    </None>
    <None Include="..\build\assets\untextured_lit.vsh">
      <Filter>Shaders</Filter>
    </None>
    <None Include="..\build\assets\tree_flat.vsh">
      <Filter>Shaders</Filter>
    </None>
    <None Include="..\build\assets\tree.vsh">
      <Filter>Shaders</Filter>
    </None>
    <None Include="..\build\assets\textured_unlit.vsh">
      <Filter>Shaders</Filter>
    </None>
    <None Include="..\build\assets\textured_lit.vsh">
      <Filter>Shaders</Filter>
    </None>
    <None Include="..\build\assets\particle_snow.vsh">
      <Filter>Shaders</Filter>
    </None>
    <None Include="..\build\assets\leaf.fsh">
      <Filter>Shaders</Filter>
    </None>
    <None Include="..\build\assets\basic.fsh">
      <Filter>Shaders</Filter>
    </None>
    <None Include="..\build\assets\dome.fsh">
      <Filter>Shaders</Filter>
    </None>
    <None Include="..\build\assets\depth_clear.fsh">
      <Filter>Shaders</Filter>
    </None>
    <None Include="..\build\assets\unlit.fsh">
      <Filter>Shaders</Filter>
    </None>
    <None Include="..\build\assets\textured_unlit.fsh">
      <Filter>Shaders</Filter>
    </None>
    <None Include="..\build\assets\textured_lit.fsh">
      <Filter>Shaders</Filter>
    </None>
    <None Include="..\build\assets\multitextured_lit.fsh">
      <Filter>Shaders</Filter>
    </None>
    <None Include="..\build\assets\lit_flat.fsh">
      <Filter>Shaders</Filter>
    </None>
  </ItemGroup>
</Project>